
Microsoft Visual Studio Solution File, Format Version 12.00
# Visual Studio Version 16
VisualStudioVersion = 16.0.31702.278
MinimumVisualStudioVersion = 10.0.40219.1
Project("{FAE04EC0-301F-11D3-BF4B-00C04F79EFBC}") = "APIADS2", "APIADS2.csproj", "{3DB66430-8D55-4DC4-A2E5-7DC11D6BB684}"
EndProject
Global
	GlobalSection(SolutionConfigurationPlatforms) = preSolution
		Debug|Any CPU = Debug|Any CPU
		Release|Any CPU = Release|Any CPU
	EndGlobalSection
	GlobalSection(ProjectConfigurationPlatforms) = postSolution
		{3DB66430-8D55-4DC4-A2E5-7DC11D6BB684}.Debug|Any CPU.ActiveCfg = Debug|Any CPU
		{3DB66430-8D55-4DC4-A2E5-7DC11D6BB684}.Debug|Any CPU.Build.0 = Debug|Any CPU
		{3DB66430-8D55-4DC4-A2E5-7DC11D6BB684}.Release|Any CPU.ActiveCfg = Release|Any CPU
		{3DB66430-8D55-4DC4-A2E5-7DC11D6BB684}.Release|Any CPU.Build.0 = Release|Any CPU
	EndGlobalSection
	GlobalSection(SolutionProperties) = preSolution
		HideSolutionNode = FALSE
	EndGlobalSection
	GlobalSection(ExtensibilityGlobals) = postSolution
		SolutionGuid = {72EE125C-F659-473C-BE37-6E8F99019962}
	EndGlobalSection
EndGlobal
